
Microsoft Visual Studio Solution File, Format Version 12.00
# Visual Studio Version 17
VisualStudioVersion = 17.10.34916.146
MinimumVisualStudioVersion = 10.0.40219.1
Project("{FAE04EC0-301F-11D3-BF4B-00C04F79EFBC}") = "MeatProcessingBelov", "MeatProcessingBelov\MeatProcessingBelov.csproj", "{F2ADE3B6-B85A-45DE-8503-651A01519871}"
EndProject
Global
	GlobalSection(SolutionConfigurationPlatforms) = preSolution
		Debug|Any CPU = Debug|Any CPU
		Release|Any CPU = Release|Any CPU
	EndGlobalSection
	GlobalSection(ProjectConfigurationPlatforms) = postSolution
		{F2ADE3B6-B85A-45DE-8503-651A01519871}.Debug|Any CPU.ActiveCfg = Debug|Any CPU
		{F2ADE3B6-B85A-45DE-8503-651A01519871}.Debug|Any CPU.Build.0 = Debug|Any CPU
		{F2ADE3B6-B85A-45DE-8503-651A01519871}.Release|Any CPU.ActiveCfg = Release|Any CPU
		{F2ADE3B6-B85A-45DE-8503-651A01519871}.Release|Any CPU.Build.0 = Release|Any CPU
	EndGlobalSection
	GlobalSection(SolutionProperties) = preSolution
		HideSolutionNode = FALSE
	EndGlobalSection
	GlobalSection(ExtensibilityGlobals) = postSolution
		SolutionGuid = {5BFFB3EC-969D-48C3-A129-37CE678F32EF}
	EndGlobalSection
EndGlobal
